// !$*UTF8*$!
{
	archiveVersion = 1;
	classes = {
	};
	objectVersion = 52;
	objects = {

/* Begin PBXBuildFile section */
		2CBD50FA248E2A0D001818CB /* MoyaAPIBase.h in Headers */ = {isa = PBXBuildFile; fileRef = 2CBD50F8248E2A0D001818CB /* MoyaAPIBase.h */; settings = {ATTRIBUTES = (Public, ); }; };
		2CBD50FE248E2A4E001818CB /* Associate.swift in Sources */ = {isa = PBXBuildFile; fileRef = 2C7FA37F23BCF39B004EF2E0 /* Associate.swift */; };
		2CBD50FF248E2A4E001818CB /* InfoType.swift in Sources */ = {isa = PBXBuildFile; fileRef = 2C7FA38523BCF492004EF2E0 /* InfoType.swift */; };
		2CBD5100248E2A4E001818CB /* ParserType.swift in Sources */ = {isa = PBXBuildFile; fileRef = 2C7FA38723BCF4B2004EF2E0 /* ParserType.swift */; };
		2CBD5101248E2A4E001818CB /* EngineType.swift in Sources */ = {isa = PBXBuildFile; fileRef = 2C7FA38923BCF4BB004EF2E0 /* EngineType.swift */; };
		2CBD5102248E2A4E001818CB /* ServiceType.swift in Sources */ = {isa = PBXBuildFile; fileRef = 2C7FA38B23BCF4C5004EF2E0 /* ServiceType.swift */; };
		2CBD5103248E2A4E001818CB /* APIInfoType.swift in Sources */ = {isa = PBXBuildFile; fileRef = 2C3529F723BFB67900859AA0 /* APIInfoType.swift */; };
		2CBD5104248E2A4E001818CB /* APIParserType.swift in Sources */ = {isa = PBXBuildFile; fileRef = 2C3529F923BFB76600859AA0 /* APIParserType.swift */; };
		2CBD5105248E2A4E001818CB /* APIEngineType.swift in Sources */ = {isa = PBXBuildFile; fileRef = 2C3529FB23BFB7DF00859AA0 /* APIEngineType.swift */; };
		2CBD5106248E2A4E001818CB /* APIServiceType.swift in Sources */ = {isa = PBXBuildFile; fileRef = 2C3529FD23BFB7E900859AA0 /* APIServiceType.swift */; };
		2CBD5107248E2A4E001818CB /* APICondition.swift in Sources */ = {isa = PBXBuildFile; fileRef = 2C7FA39023BD1623004EF2E0 /* APICondition.swift */; };
		2CBD5108248E2A4E001818CB /* Cancellable.swift in Sources */ = {isa = PBXBuildFile; fileRef = 2C3529F523BFB39900859AA0 /* Cancellable.swift */; };
		2CBD510B248E2B49001818CB /* MoyaAPIBase.framework in Frameworks */ = {isa = PBXBuildFile; fileRef = 2CBD50F6248E2A0D001818CB /* MoyaAPIBase.framework */; };
		2CBD510C248E2B49001818CB /* MoyaAPIBase.framework in Embed Frameworks */ = {isa = PBXBuildFile; fileRef = 2CBD50F6248E2A0D001818CB /* MoyaAPIBase.framework */; settings = {ATTRIBUTES = (CodeSignOnCopy, RemoveHeadersOnCopy, ); }; };
		2CBD5112248E2D01001818CB /* Moya in Frameworks */ = {isa = PBXBuildFile; productRef = 2CBD5111248E2D01001818CB /* Moya */; };
		2CBD5113248E2E57001818CB /* ResponseStatus.swift in Sources */ = {isa = PBXBuildFile; fileRef = 2C55F88623C067E200361737 /* ResponseStatus.swift */; };
		2CBD5114248E2E57001818CB /* ResponseError.swift in Sources */ = {isa = PBXBuildFile; fileRef = 2C55F88423C067D600361737 /* ResponseError.swift */; };
		2CBD5115248E484D001818CB /* TransitionTarget.swift in Sources */ = {isa = PBXBuildFile; fileRef = 2C352A0123BFBF0900859AA0 /* TransitionTarget.swift */; };
		2CBD511D248E4CA7001818CB /* AppDelegate.swift in Sources */ = {isa = PBXBuildFile; fileRef = 2CBD511C248E4CA7001818CB /* AppDelegate.swift */; };
		2CBD5121248E4CA7001818CB /* ViewController.swift in Sources */ = {isa = PBXBuildFile; fileRef = 2CBD5120248E4CA7001818CB /* ViewController.swift */; };
		2CBD5124248E4CA7001818CB /* Main.storyboard in Resources */ = {isa = PBXBuildFile; fileRef = 2CBD5122248E4CA7001818CB /* Main.storyboard */; };
		2CBD5126248E4CAA001818CB /* Assets.xcassets in Resources */ = {isa = PBXBuildFile; fileRef = 2CBD5125248E4CAA001818CB /* Assets.xcassets */; };
		2CBD5129248E4CAA001818CB /* LaunchScreen.storyboard in Resources */ = {isa = PBXBuildFile; fileRef = 2CBD5127248E4CAA001818CB /* LaunchScreen.storyboard */; };
		2CBD512E248E4CBC001818CB /* DefaultAPIBase.framework in Frameworks */ = {isa = PBXBuildFile; fileRef = 2CEBFF6D248DE0D8004DB1CD /* DefaultAPIBase.framework */; };
		2CBD512F248E4CBC001818CB /* DefaultAPIBase.framework in Embed Frameworks */ = {isa = PBXBuildFile; fileRef = 2CEBFF6D248DE0D8004DB1CD /* DefaultAPIBase.framework */; settings = {ATTRIBUTES = (CodeSignOnCopy, RemoveHeadersOnCopy, ); }; };
		2CBD5139248E4D77001818CB /* TestParser.swift in Sources */ = {isa = PBXBuildFile; fileRef = 2CBD5135248E4D77001818CB /* TestParser.swift */; };
		2CBD513A248E4D77001818CB /* TestModel.swift in Sources */ = {isa = PBXBuildFile; fileRef = 2CBD5136248E4D77001818CB /* TestModel.swift */; };
		2CBD513B248E4D77001818CB /* TestService.swift in Sources */ = {isa = PBXBuildFile; fileRef = 2CBD5137248E4D77001818CB /* TestService.swift */; };
		2CBD513C248E4D77001818CB /* TestInfo.swift in Sources */ = {isa = PBXBuildFile; fileRef = 2CBD5138248E4D77001818CB /* TestInfo.swift */; };
		2CBD513D248E5118001818CB /* MoyaAPIBase.framework in Frameworks */ = {isa = PBXBuildFile; fileRef = 2CBD50F6248E2A0D001818CB /* MoyaAPIBase.framework */; };
		2CBD513E248E5118001818CB /* MoyaAPIBase.framework in Embed Frameworks */ = {isa = PBXBuildFile; fileRef = 2CBD50F6248E2A0D001818CB /* MoyaAPIBase.framework */; settings = {ATTRIBUTES = (CodeSignOnCopy, RemoveHeadersOnCopy, ); }; };
		2CEBFF71248DE0D8004DB1CD /* DefaultAPIBase.h in Headers */ = {isa = PBXBuildFile; fileRef = 2CEBFF6F248DE0D8004DB1CD /* DefaultAPIBase.h */; settings = {ATTRIBUTES = (Public, ); }; };
		2CEBFF78248DE14F004DB1CD /* DefaultInfoType.swift in Sources */ = {isa = PBXBuildFile; fileRef = 2C55F87C23C03C9A00361737 /* DefaultInfoType.swift */; };
		2CEBFF79248DE14F004DB1CD /* DefaultParserType.swift in Sources */ = {isa = PBXBuildFile; fileRef = 2C55F87E23C04EEC00361737 /* DefaultParserType.swift */; };
		2CEBFF7A248DE14F004DB1CD /* DefaultEngineType.swift in Sources */ = {isa = PBXBuildFile; fileRef = 2C55F88023C05A5A00361737 /* DefaultEngineType.swift */; };
		2CEBFF7B248DE14F004DB1CD /* DefaultServiceType.swift in Sources */ = {isa = PBXBuildFile; fileRef = 2C55F88223C0674E00361737 /* DefaultServiceType.swift */; };
/* End PBXBuildFile section */

/* Begin PBXContainerItemProxy section */
		2CBD510D248E2B49001818CB /* PBXContainerItemProxy */ = {
			isa = PBXContainerItemProxy;
			containerPortal = 2C7FA36923B8CEBC004EF2E0 /* Project object */;
			proxyType = 1;
			remoteGlobalIDString = 2CBD50F5248E2A0D001818CB;
			remoteInfo = MoyaAPIBase;
		};
		2CBD5130248E4CBC001818CB /* PBXContainerItemProxy */ = {
			isa = PBXContainerItemProxy;
			containerPortal = 2C7FA36923B8CEBC004EF2E0 /* Project object */;
			proxyType = 1;
			remoteGlobalIDString = 2CEBFF6C248DE0D8004DB1CD;
			remoteInfo = DefaultAPIBase;
		};
		2CBD513F248E5118001818CB /* PBXContainerItemProxy */ = {
			isa = PBXContainerItemProxy;
			containerPortal = 2C7FA36923B8CEBC004EF2E0 /* Project object */;
			proxyType = 1;
			remoteGlobalIDString = 2CBD50F5248E2A0D001818CB;
			remoteInfo = MoyaAPIBase;
		};
/* End PBXContainerItemProxy section */

/* Begin PBXCopyFilesBuildPhase section */
		2CBD5132248E4CBD001818CB /* Embed Frameworks */ = {
			isa = PBXCopyFilesBuildPhase;
			buildActionMask = 2147483647;
			dstPath = "";
			dstSubfolderSpec = 10;
			files = (
				2CBD513E248E5118001818CB /* MoyaAPIBase.framework in Embed Frameworks */,
				2CBD512F248E4CBC001818CB /* DefaultAPIBase.framework in Embed Frameworks */,
			);
			name = "Embed Frameworks";
			runOnlyForDeploymentPostprocessing = 0;
		};
		2CEBFF84248DE8D6004DB1CD /* Embed Frameworks */ = {
			isa = PBXCopyFilesBuildPhase;
			buildActionMask = 2147483647;
			dstPath = "";
			dstSubfolderSpec = 10;
			files = (
				2CBD510C248E2B49001818CB /* MoyaAPIBase.framework in Embed Frameworks */,
			);
			name = "Embed Frameworks";
			runOnlyForDeploymentPostprocessing = 0;
		};
/* End PBXCopyFilesBuildPhase section */

/* Begin PBXFileReference section */
		2C3529F523BFB39900859AA0 /* Cancellable.swift */ = {isa = PBXFileReference; lastKnownFileType = sourcecode.swift; path = Cancellable.swift; sourceTree = "<group>"; };
		2C3529F723BFB67900859AA0 /* APIInfoType.swift */ = {isa = PBXFileReference; lastKnownFileType = sourcecode.swift; path = APIInfoType.swift; sourceTree = "<group>"; };
		2C3529F923BFB76600859AA0 /* APIParserType.swift */ = {isa = PBXFileReference; lastKnownFileType = sourcecode.swift; path = APIParserType.swift; sourceTree = "<group>"; };
		2C3529FB23BFB7DF00859AA0 /* APIEngineType.swift */ = {isa = PBXFileReference; lastKnownFileType = sourcecode.swift; path = APIEngineType.swift; sourceTree = "<group>"; };
		2C3529FD23BFB7E900859AA0 /* APIServiceType.swift */ = {isa = PBXFileReference; lastKnownFileType = sourcecode.swift; path = APIServiceType.swift; sourceTree = "<group>"; };
		2C352A0123BFBF0900859AA0 /* TransitionTarget.swift */ = {isa = PBXFileReference; lastKnownFileType = sourcecode.swift; path = TransitionTarget.swift; sourceTree = "<group>"; };
		2C55F87C23C03C9A00361737 /* DefaultInfoType.swift */ = {isa = PBXFileReference; lastKnownFileType = sourcecode.swift; path = DefaultInfoType.swift; sourceTree = "<group>"; };
		2C55F87E23C04EEC00361737 /* DefaultParserType.swift */ = {isa = PBXFileReference; lastKnownFileType = sourcecode.swift; path = DefaultParserType.swift; sourceTree = "<group>"; };
		2C55F88023C05A5A00361737 /* DefaultEngineType.swift */ = {isa = PBXFileReference; lastKnownFileType = sourcecode.swift; path = DefaultEngineType.swift; sourceTree = "<group>"; };
		2C55F88223C0674E00361737 /* DefaultServiceType.swift */ = {isa = PBXFileReference; lastKnownFileType = sourcecode.swift; path = DefaultServiceType.swift; sourceTree = "<group>"; };
		2C55F88423C067D600361737 /* ResponseError.swift */ = {isa = PBXFileReference; lastKnownFileType = sourcecode.swift; path = ResponseError.swift; sourceTree = "<group>"; };
		2C55F88623C067E200361737 /* ResponseStatus.swift */ = {isa = PBXFileReference; lastKnownFileType = sourcecode.swift; path = ResponseStatus.swift; sourceTree = "<group>"; };
		2C7FA37F23BCF39B004EF2E0 /* Associate.swift */ = {isa = PBXFileReference; lastKnownFileType = sourcecode.swift; path = Associate.swift; sourceTree = "<group>"; };
		2C7FA38523BCF492004EF2E0 /* InfoType.swift */ = {isa = PBXFileReference; lastKnownFileType = sourcecode.swift; path = InfoType.swift; sourceTree = "<group>"; };
		2C7FA38723BCF4B2004EF2E0 /* ParserType.swift */ = {isa = PBXFileReference; lastKnownFileType = sourcecode.swift; path = ParserType.swift; sourceTree = "<group>"; };
		2C7FA38923BCF4BB004EF2E0 /* EngineType.swift */ = {isa = PBXFileReference; lastKnownFileType = sourcecode.swift; path = EngineType.swift; sourceTree = "<group>"; };
		2C7FA38B23BCF4C5004EF2E0 /* ServiceType.swift */ = {isa = PBXFileReference; lastKnownFileType = sourcecode.swift; path = ServiceType.swift; sourceTree = "<group>"; };
		2C7FA39023BD1623004EF2E0 /* APICondition.swift */ = {isa = PBXFileReference; lastKnownFileType = sourcecode.swift; path = APICondition.swift; sourceTree = "<group>"; };
		2CBD50F6248E2A0D001818CB /* MoyaAPIBase.framework */ = {isa = PBXFileReference; explicitFileType = wrapper.framework; includeInIndex = 0; path = MoyaAPIBase.framework; sourceTree = BUILT_PRODUCTS_DIR; };
		2CBD50F8248E2A0D001818CB /* MoyaAPIBase.h */ = {isa = PBXFileReference; lastKnownFileType = sourcecode.c.h; path = MoyaAPIBase.h; sourceTree = "<group>"; };
		2CBD50F9248E2A0D001818CB /* Info.plist */ = {isa = PBXFileReference; lastKnownFileType = text.plist.xml; path = Info.plist; sourceTree = "<group>"; };
		2CBD511A248E4CA7001818CB /* APIBaseDemo.app */ = {isa = PBXFileReference; explicitFileType = wrapper.application; includeInIndex = 0; path = APIBaseDemo.app; sourceTree = BUILT_PRODUCTS_DIR; };
		2CBD511C248E4CA7001818CB /* AppDelegate.swift */ = {isa = PBXFileReference; lastKnownFileType = sourcecode.swift; path = AppDelegate.swift; sourceTree = "<group>"; };
		2CBD5120248E4CA7001818CB /* ViewController.swift */ = {isa = PBXFileReference; lastKnownFileType = sourcecode.swift; path = ViewController.swift; sourceTree = "<group>"; };
		2CBD5123248E4CA7001818CB /* Base */ = {isa = PBXFileReference; lastKnownFileType = file.storyboard; name = Base; path = Base.lproj/Main.storyboard; sourceTree = "<group>"; };
		2CBD5125248E4CAA001818CB /* Assets.xcassets */ = {isa = PBXFileReference; lastKnownFileType = folder.assetcatalog; path = Assets.xcassets; sourceTree = "<group>"; };
		2CBD5128248E4CAA001818CB /* Base */ = {isa = PBXFileReference; lastKnownFileType = file.storyboard; name = Base; path = Base.lproj/LaunchScreen.storyboard; sourceTree = "<group>"; };
		2CBD512A248E4CAA001818CB /* Info.plist */ = {isa = PBXFileReference; lastKnownFileType = text.plist.xml; path = Info.plist; sourceTree = "<group>"; };
		2CBD5135248E4D77001818CB /* TestParser.swift */ = {isa = PBXFileReference; lastKnownFileType = sourcecode.swift; path = TestParser.swift; sourceTree = "<group>"; };
		2CBD5136248E4D77001818CB /* TestModel.swift */ = {isa = PBXFileReference; lastKnownFileType = sourcecode.swift; path = TestModel.swift; sourceTree = "<group>"; };
		2CBD5137248E4D77001818CB /* TestService.swift */ = {isa = PBXFileReference; lastKnownFileType = sourcecode.swift; path = TestService.swift; sourceTree = "<group>"; };
		2CBD5138248E4D77001818CB /* TestInfo.swift */ = {isa = PBXFileReference; lastKnownFileType = sourcecode.swift; path = TestInfo.swift; sourceTree = "<group>"; };
		2CEBFF6D248DE0D8004DB1CD /* DefaultAPIBase.framework */ = {isa = PBXFileReference; explicitFileType = wrapper.framework; includeInIndex = 0; path = DefaultAPIBase.framework; sourceTree = BUILT_PRODUCTS_DIR; };
		2CEBFF6F248DE0D8004DB1CD /* DefaultAPIBase.h */ = {isa = PBXFileReference; lastKnownFileType = sourcecode.c.h; path = DefaultAPIBase.h; sourceTree = "<group>"; };
		2CEBFF70248DE0D8004DB1CD /* Info.plist */ = {isa = PBXFileReference; lastKnownFileType = text.plist.xml; path = Info.plist; sourceTree = "<group>"; };
/* End PBXFileReference section */

/* Begin PBXFrameworksBuildPhase section */
		2CBD50F3248E2A0D001818CB /* Frameworks */ = {
			isa = PBXFrameworksBuildPhase;
			buildActionMask = 2147483647;
			files = (
				2CBD5112248E2D01001818CB /* Moya in Frameworks */,
			);
			runOnlyForDeploymentPostprocessing = 0;
		};
		2CBD5117248E4CA7001818CB /* Frameworks */ = {
			isa = PBXFrameworksBuildPhase;
			buildActionMask = 2147483647;
			files = (
				2CBD513D248E5118001818CB /* MoyaAPIBase.framework in Frameworks */,
				2CBD512E248E4CBC001818CB /* DefaultAPIBase.framework in Frameworks */,
			);
			runOnlyForDeploymentPostprocessing = 0;
		};
		2CEBFF6A248DE0D8004DB1CD /* Frameworks */ = {
			isa = PBXFrameworksBuildPhase;
			buildActionMask = 2147483647;
			files = (
				2CBD510B248E2B49001818CB /* MoyaAPIBase.framework in Frameworks */,
			);
			runOnlyForDeploymentPostprocessing = 0;
		};
/* End PBXFrameworksBuildPhase section */

/* Begin PBXGroup section */
		2C3529F423BFAF4600859AA0 /* WIP */ = {
			isa = PBXGroup;
			children = (
				2C3529F723BFB67900859AA0 /* APIInfoType.swift */,
				2C3529F923BFB76600859AA0 /* APIParserType.swift */,
				2C3529FB23BFB7DF00859AA0 /* APIEngineType.swift */,
				2C3529FD23BFB7E900859AA0 /* APIServiceType.swift */,
			);
			path = WIP;
			sourceTree = "<group>";
		};
		2C7FA36823B8CEBC004EF2E0 = {
			isa = PBXGroup;
			children = (
				2CBD511B248E4CA7001818CB /* APIBaseDemo */,
				2CBD50F7248E2A0D001818CB /* MoyaAPIBase */,
				2CEBFF6E248DE0D8004DB1CD /* DefaultAPIBase */,
				2C7FA37323B8CEBC004EF2E0 /* Products */,
				2CEBFF7F248DE8D6004DB1CD /* Frameworks */,
			);
			sourceTree = "<group>";
		};
		2C7FA37323B8CEBC004EF2E0 /* Products */ = {
			isa = PBXGroup;
			children = (
				2CEBFF6D248DE0D8004DB1CD /* DefaultAPIBase.framework */,
				2CBD50F6248E2A0D001818CB /* MoyaAPIBase.framework */,
				2CBD511A248E4CA7001818CB /* APIBaseDemo.app */,
			);
			name = Products;
			sourceTree = "<group>";
		};
		2C7FA37E23B98B79004EF2E0 /* Sources */ = {
			isa = PBXGroup;
			children = (
				2C7FA37F23BCF39B004EF2E0 /* Associate.swift */,
				2C7FA38423BCF482004EF2E0 /* Core */,
				2C3529F423BFAF4600859AA0 /* WIP */,
				2C7FA38D23BD0C97004EF2E0 /* Type */,
			);
			path = Sources;
			sourceTree = "<group>";
		};
		2C7FA38423BCF482004EF2E0 /* Core */ = {
			isa = PBXGroup;
			children = (
				2C7FA38523BCF492004EF2E0 /* InfoType.swift */,
				2C7FA38723BCF4B2004EF2E0 /* ParserType.swift */,
				2C7FA38923BCF4BB004EF2E0 /* EngineType.swift */,
				2C7FA38B23BCF4C5004EF2E0 /* ServiceType.swift */,
			);
			path = Core;
			sourceTree = "<group>";
		};
		2C7FA38D23BD0C97004EF2E0 /* Type */ = {
			isa = PBXGroup;
			children = (
				2C7FA39023BD1623004EF2E0 /* APICondition.swift */,
				2C3529F523BFB39900859AA0 /* Cancellable.swift */,
			);
			path = Type;
			sourceTree = "<group>";
		};
		2CBD50F7248E2A0D001818CB /* MoyaAPIBase */ = {
			isa = PBXGroup;
			children = (
				2C7FA37E23B98B79004EF2E0 /* Sources */,
				2CBD510A248E2A59001818CB /* Supporting Files */,
			);
			path = MoyaAPIBase;
			sourceTree = "<group>";
		};
		2CBD510A248E2A59001818CB /* Supporting Files */ = {
			isa = PBXGroup;
			children = (
				2CBD50F8248E2A0D001818CB /* MoyaAPIBase.h */,
				2CBD50F9248E2A0D001818CB /* Info.plist */,
			);
			path = "Supporting Files";
			sourceTree = "<group>";
		};
		2CBD511B248E4CA7001818CB /* APIBaseDemo */ = {
			isa = PBXGroup;
			children = (
				2CBD511C248E4CA7001818CB /* AppDelegate.swift */,
				2CBD5120248E4CA7001818CB /* ViewController.swift */,
				2CBD5122248E4CA7001818CB /* Main.storyboard */,
				2CBD5125248E4CAA001818CB /* Assets.xcassets */,
				2CBD5127248E4CAA001818CB /* LaunchScreen.storyboard */,
				2CBD5134248E4D1E001818CB /* APIs */,
				2CBD5133248E4CDF001818CB /* Supporting Files */,
			);
			path = APIBaseDemo;
			sourceTree = "<group>";
		};
		2CBD5133248E4CDF001818CB /* Supporting Files */ = {
			isa = PBXGroup;
			children = (
				2CBD512A248E4CAA001818CB /* Info.plist */,
			);
			path = "Supporting Files";
			sourceTree = "<group>";
		};
		2CBD5134248E4D1E001818CB /* APIs */ = {
			isa = PBXGroup;
			children = (
				2CBD5138248E4D77001818CB /* TestInfo.swift */,
				2CBD5135248E4D77001818CB /* TestParser.swift */,
				2CBD5136248E4D77001818CB /* TestModel.swift */,
				2CBD5137248E4D77001818CB /* TestService.swift */,
			);
			path = APIs;
			sourceTree = "<group>";
		};
		2CEBFF6E248DE0D8004DB1CD /* DefaultAPIBase */ = {
			isa = PBXGroup;
			children = (
				2CEBFF76248DE10E004DB1CD /* Sources */,
				2CEBFF75248DE0EE004DB1CD /* Supporting Files */,
			);
			path = DefaultAPIBase;
			sourceTree = "<group>";
		};
		2CEBFF75248DE0EE004DB1CD /* Supporting Files */ = {
			isa = PBXGroup;
			children = (
				2CEBFF6F248DE0D8004DB1CD /* DefaultAPIBase.h */,
				2CEBFF70248DE0D8004DB1CD /* Info.plist */,
			);
			path = "Supporting Files";
			sourceTree = "<group>";
		};
		2CEBFF76248DE10E004DB1CD /* Sources */ = {
			isa = PBXGroup;
			children = (
				2CEBFF77248DE12B004DB1CD /* OOTB */,
				2CEBFF7E248DE805004DB1CD /* Type */,
			);
			path = Sources;
			sourceTree = "<group>";
		};
		2CEBFF77248DE12B004DB1CD /* OOTB */ = {
			isa = PBXGroup;
			children = (
				2C55F87C23C03C9A00361737 /* DefaultInfoType.swift */,
				2C55F87E23C04EEC00361737 /* DefaultParserType.swift */,
				2C55F88023C05A5A00361737 /* DefaultEngineType.swift */,
				2C55F88223C0674E00361737 /* DefaultServiceType.swift */,
			);
			path = OOTB;
			sourceTree = "<group>";
		};
		2CEBFF7E248DE805004DB1CD /* Type */ = {
			isa = PBXGroup;
			children = (
				2C55F88623C067E200361737 /* ResponseStatus.swift */,
				2C55F88423C067D600361737 /* ResponseError.swift */,
				2C352A0123BFBF0900859AA0 /* TransitionTarget.swift */,
			);
			path = Type;
			sourceTree = "<group>";
		};
		2CEBFF7F248DE8D6004DB1CD /* Frameworks */ = {
			isa = PBXGroup;
			children = (
			);
			name = Frameworks;
			sourceTree = "<group>";
		};
/* End PBXGroup section */

/* Begin PBXHeadersBuildPhase section */
		2CBD50F1248E2A0D001818CB /* Headers */ = {
			isa = PBXHeadersBuildPhase;
			buildActionMask = 2147483647;
			files = (
				2CBD50FA248E2A0D001818CB /* MoyaAPIBase.h in Headers */,
			);
			runOnlyForDeploymentPostprocessing = 0;
		};
		2CEBFF68248DE0D8004DB1CD /* Headers */ = {
			isa = PBXHeadersBuildPhase;
			buildActionMask = 2147483647;
			files = (
				2CEBFF71248DE0D8004DB1CD /* DefaultAPIBase.h in Headers */,
			);
			runOnlyForDeploymentPostprocessing = 0;
		};
/* End PBXHeadersBuildPhase section */

/* Begin PBXNativeTarget section */
		2CBD50F5248E2A0D001818CB /* MoyaAPIBase */ = {
			isa = PBXNativeTarget;
			buildConfigurationList = 2CBD50FD248E2A0D001818CB /* Build configuration list for PBXNativeTarget "MoyaAPIBase" */;
			buildPhases = (
				2CBD50F1248E2A0D001818CB /* Headers */,
				2CBD50F2248E2A0D001818CB /* Sources */,
				2CBD50F3248E2A0D001818CB /* Frameworks */,
				2CBD50F4248E2A0D001818CB /* Resources */,
			);
			buildRules = (
			);
			dependencies = (
			);
			name = MoyaAPIBase;
			packageProductDependencies = (
				2CBD5111248E2D01001818CB /* Moya */,
			);
			productName = MoyaAPIBase;
			productReference = 2CBD50F6248E2A0D001818CB /* MoyaAPIBase.framework */;
			productType = "com.apple.product-type.framework";
		};
		2CBD5119248E4CA7001818CB /* APIBaseDemo */ = {
			isa = PBXNativeTarget;
			buildConfigurationList = 2CBD512B248E4CAA001818CB /* Build configuration list for PBXNativeTarget "APIBaseDemo" */;
			buildPhases = (
				2CBD5116248E4CA7001818CB /* Sources */,
				2CBD5117248E4CA7001818CB /* Frameworks */,
				2CBD5118248E4CA7001818CB /* Resources */,
				2CBD5132248E4CBD001818CB /* Embed Frameworks */,
			);
			buildRules = (
			);
			dependencies = (
				2CBD5131248E4CBC001818CB /* PBXTargetDependency */,
				2CBD5140248E5118001818CB /* PBXTargetDependency */,
			);
			name = APIBaseDemo;
			productName = APIBaseDemo;
			productReference = 2CBD511A248E4CA7001818CB /* APIBaseDemo.app */;
			productType = "com.apple.product-type.application";
		};
		2CEBFF6C248DE0D8004DB1CD /* DefaultAPIBase */ = {
			isa = PBXNativeTarget;
			buildConfigurationList = 2CEBFF74248DE0D8004DB1CD /* Build configuration list for PBXNativeTarget "DefaultAPIBase" */;
			buildPhases = (
				2CEBFF68248DE0D8004DB1CD /* Headers */,
				2CEBFF69248DE0D8004DB1CD /* Sources */,
				2CEBFF6A248DE0D8004DB1CD /* Frameworks */,
				2CEBFF6B248DE0D8004DB1CD /* Resources */,
				2CEBFF84248DE8D6004DB1CD /* Embed Frameworks */,
			);
			buildRules = (
			);
			dependencies = (
				2CBD510E248E2B49001818CB /* PBXTargetDependency */,
			);
			name = DefaultAPIBase;
			productName = DefaultAPIBase;
			productReference = 2CEBFF6D248DE0D8004DB1CD /* DefaultAPIBase.framework */;
			productType = "com.apple.product-type.framework";
		};
/* End PBXNativeTarget section */

/* Begin PBXProject section */
		2C7FA36923B8CEBC004EF2E0 /* Project object */ = {
			isa = PBXProject;
			attributes = {
				LastSwiftUpdateCheck = 1130;
				LastUpgradeCheck = 1130;
				ORGANIZATIONNAME = umisky;
				TargetAttributes = {
					2CBD50F5248E2A0D001818CB = {
						CreatedOnToolsVersion = 11.3;
					};
					2CBD5119248E4CA7001818CB = {
						CreatedOnToolsVersion = 11.3;
					};
					2CEBFF6C248DE0D8004DB1CD = {
						CreatedOnToolsVersion = 11.3;
					};
				};
			};
			buildConfigurationList = 2C7FA36C23B8CEBC004EF2E0 /* Build configuration list for PBXProject "Moya-APIBase" */;
			compatibilityVersion = "Xcode 9.3";
			developmentRegion = en;
			hasScannedForEncodings = 0;
			knownRegions = (
				en,
				Base,
			);
			mainGroup = 2C7FA36823B8CEBC004EF2E0;
			packageReferences = (
				2C7FA38123BCF3FF004EF2E0 /* XCRemoteSwiftPackageReference "Moya" */,
			);
			productRefGroup = 2C7FA37323B8CEBC004EF2E0 /* Products */;
			projectDirPath = "";
			projectRoot = "";
			targets = (
				2CBD5119248E4CA7001818CB /* APIBaseDemo */,
				2CBD50F5248E2A0D001818CB /* MoyaAPIBase */,
				2CEBFF6C248DE0D8004DB1CD /* DefaultAPIBase */,
			);
		};
/* End PBXProject section */

/* Begin PBXResourcesBuildPhase section */
		2CBD50F4248E2A0D001818CB /* Resources */ = {
			isa = PBXResourcesBuildPhase;
			buildActionMask = 2147483647;
			files = (
			);
			runOnlyForDeploymentPostprocessing = 0;
		};
		2CBD5118248E4CA7001818CB /* Resources */ = {
			isa = PBXResourcesBuildPhase;
			buildActionMask = 2147483647;
			files = (
				2CBD5129248E4CAA001818CB /* LaunchScreen.storyboard in Resources */,
				2CBD5126248E4CAA001818CB /* Assets.xcassets in Resources */,
				2CBD5124248E4CA7001818CB /* Main.storyboard in Resources */,
			);
			runOnlyForDeploymentPostprocessing = 0;
		};
		2CEBFF6B248DE0D8004DB1CD /* Resources */ = {
			isa = PBXResourcesBuildPhase;
			buildActionMask = 2147483647;
			files = (
			);
			runOnlyForDeploymentPostprocessing = 0;
		};
/* End PBXResourcesBuildPhase section */

/* Begin PBXSourcesBuildPhase section */
		2CBD50F2248E2A0D001818CB /* Sources */ = {
			isa = PBXSourcesBuildPhase;
			buildActionMask = 2147483647;
			files = (
				2CBD5105248E2A4E001818CB /* APIEngineType.swift in Sources */,
				2CBD5103248E2A4E001818CB /* APIInfoType.swift in Sources */,
				2CBD5102248E2A4E001818CB /* ServiceType.swift in Sources */,
				2CBD5100248E2A4E001818CB /* ParserType.swift in Sources */,
				2CBD5107248E2A4E001818CB /* APICondition.swift in Sources */,
				2CBD50FE248E2A4E001818CB /* Associate.swift in Sources */,
				2CBD5106248E2A4E001818CB /* APIServiceType.swift in Sources */,
				2CBD5108248E2A4E001818CB /* Cancellable.swift in Sources */,
				2CBD50FF248E2A4E001818CB /* InfoType.swift in Sources */,
				2CBD5104248E2A4E001818CB /* APIParserType.swift in Sources */,
				2CBD5101248E2A4E001818CB /* EngineType.swift in Sources */,
			);
			runOnlyForDeploymentPostprocessing = 0;
		};
		2CBD5116248E4CA7001818CB /* Sources */ = {
			isa = PBXSourcesBuildPhase;
			buildActionMask = 2147483647;
			files = (
				2CBD5121248E4CA7001818CB /* ViewController.swift in Sources */,
				2CBD513C248E4D77001818CB /* TestInfo.swift in Sources */,
				2CBD511D248E4CA7001818CB /* AppDelegate.swift in Sources */,
				2CBD513B248E4D77001818CB /* TestService.swift in Sources */,
				2CBD5139248E4D77001818CB /* TestParser.swift in Sources */,
				2CBD513A248E4D77001818CB /* TestModel.swift in Sources */,
			);
			runOnlyForDeploymentPostprocessing = 0;
		};
		2CEBFF69248DE0D8004DB1CD /* Sources */ = {
			isa = PBXSourcesBuildPhase;
			buildActionMask = 2147483647;
			files = (
				2CEBFF7A248DE14F004DB1CD /* DefaultEngineType.swift in Sources */,
				2CEBFF79248DE14F004DB1CD /* DefaultParserType.swift in Sources */,
				2CEBFF78248DE14F004DB1CD /* DefaultInfoType.swift in Sources */,
				2CBD5114248E2E57001818CB /* ResponseError.swift in Sources */,
				2CEBFF7B248DE14F004DB1CD /* DefaultServiceType.swift in Sources */,
				2CBD5113248E2E57001818CB /* ResponseStatus.swift in Sources */,
				2CBD5115248E484D001818CB /* TransitionTarget.swift in Sources */,
			);
			runOnlyForDeploymentPostprocessing = 0;
		};
/* End PBXSourcesBuildPhase section */

/* Begin PBXTargetDependency section */
		2CBD510E248E2B49001818CB /* PBXTargetDependency */ = {
			isa = PBXTargetDependency;
			target = 2CBD50F5248E2A0D001818CB /* MoyaAPIBase */;
			targetProxy = 2CBD510D248E2B49001818CB /* PBXContainerItemProxy */;
		};
		2CBD5131248E4CBC001818CB /* PBXTargetDependency */ = {
			isa = PBXTargetDependency;
			target = 2CEBFF6C248DE0D8004DB1CD /* DefaultAPIBase */;
			targetProxy = 2CBD5130248E4CBC001818CB /* PBXContainerItemProxy */;
		};
		2CBD5140248E5118001818CB /* PBXTargetDependency */ = {
			isa = PBXTargetDependency;
			target = 2CBD50F5248E2A0D001818CB /* MoyaAPIBase */;
			targetProxy = 2CBD513F248E5118001818CB /* PBXContainerItemProxy */;
		};
/* End PBXTargetDependency section */

/* Begin PBXVariantGroup section */
		2CBD5122248E4CA7001818CB /* Main.storyboard */ = {
			isa = PBXVariantGroup;
			children = (
				2CBD5123248E4CA7001818CB /* Base */,
			);
			name = Main.storyboard;
			sourceTree = "<group>";
		};
		2CBD5127248E4CAA001818CB /* LaunchScreen.storyboard */ = {
			isa = PBXVariantGroup;
			children = (
				2CBD5128248E4CAA001818CB /* Base */,
			);
			name = LaunchScreen.storyboard;
			sourceTree = "<group>";
		};
/* End PBXVariantGroup section */

/* Begin XCBuildConfiguration section */
		2C7FA37823B8CEBC004EF2E0 /* Debug */ = {
			isa = XCBuildConfiguration;
			buildSettings = {
				ALWAYS_SEARCH_USER_PATHS = NO;
				CLANG_ANALYZER_NONNULL = YES;
				CLANG_ANALYZER_NUMBER_OBJECT_CONVERSION = YES_AGGRESSIVE;
				CLANG_CXX_LANGUAGE_STANDARD = "gnu++14";
				CLANG_CXX_LIBRARY = "libc++";
				CLANG_ENABLE_MODULES = YES;
				CLANG_ENABLE_OBJC_ARC = YES;
				CLANG_ENABLE_OBJC_WEAK = YES;
				CLANG_WARN_BLOCK_CAPTURE_AUTORELEASING = YES;
				CLANG_WARN_BOOL_CONVERSION = YES;
				CLANG_WARN_COMMA = YES;
				CLANG_WARN_CONSTANT_CONVERSION = YES;
				CLANG_WARN_DEPRECATED_OBJC_IMPLEMENTATIONS = YES;
				CLANG_WARN_DIRECT_OBJC_ISA_USAGE = YES_ERROR;
				CLANG_WARN_DOCUMENTATION_COMMENTS = YES;
				CLANG_WARN_EMPTY_BODY = YES;
				CLANG_WARN_ENUM_CONVERSION = YES;
				CLANG_WARN_INFINITE_RECURSION = YES;
				CLANG_WARN_INT_CONVERSION = YES;
				CLANG_WARN_NON_LITERAL_NULL_CONVERSION = YES;
				CLANG_WARN_OBJC_IMPLICIT_RETAIN_SELF = YES;
				CLANG_WARN_OBJC_LITERAL_CONVERSION = YES;
				CLANG_WARN_OBJC_ROOT_CLASS = YES_ERROR;
				CLANG_WARN_RANGE_LOOP_ANALYSIS = YES;
				CLANG_WARN_STRICT_PROTOTYPES = YES;
				CLANG_WARN_SUSPICIOUS_MOVE = YES;
				CLANG_WARN_UNGUARDED_AVAILABILITY = YES_AGGRESSIVE;
				CLANG_WARN_UNREACHABLE_CODE = YES;
				CLANG_WARN__DUPLICATE_METHOD_MATCH = YES;
				COPY_PHASE_STRIP = NO;
				CURRENT_PROJECT_VERSION = 1;
				DEBUG_INFORMATION_FORMAT = dwarf;
				ENABLE_STRICT_OBJC_MSGSEND = YES;
				ENABLE_TESTABILITY = YES;
				GCC_C_LANGUAGE_STANDARD = gnu11;
				GCC_DYNAMIC_NO_PIC = NO;
				GCC_NO_COMMON_BLOCKS = YES;
				GCC_OPTIMIZATION_LEVEL = 0;
				GCC_PREPROCESSOR_DEFINITIONS = (
					"DEBUG=1",
					"$(inherited)",
				);
				GCC_WARN_64_TO_32_BIT_CONVERSION = YES;
				GCC_WARN_ABOUT_RETURN_TYPE = YES_ERROR;
				GCC_WARN_UNDECLARED_SELECTOR = YES;
				GCC_WARN_UNINITIALIZED_AUTOS = YES_AGGRESSIVE;
				GCC_WARN_UNUSED_FUNCTION = YES;
				GCC_WARN_UNUSED_VARIABLE = YES;
				IPHONEOS_DEPLOYMENT_TARGET = 10.0;
				MTL_ENABLE_DEBUG_INFO = INCLUDE_SOURCE;
				MTL_FAST_MATH = YES;
				ONLY_ACTIVE_ARCH = YES;
				SDKROOT = iphoneos;
				SWIFT_ACTIVE_COMPILATION_CONDITIONS = DEBUG;
				SWIFT_OPTIMIZATION_LEVEL = "-Onone";
				VERSIONING_SYSTEM = "apple-generic";
				VERSION_INFO_PREFIX = "";
			};
			name = Debug;
		};
		2C7FA37923B8CEBC004EF2E0 /* Release */ = {
			isa = XCBuildConfiguration;
			buildSettings = {
				ALWAYS_SEARCH_USER_PATHS = NO;
				CLANG_ANALYZER_NONNULL = YES;
				CLANG_ANALYZER_NUMBER_OBJECT_CONVERSION = YES_AGGRESSIVE;
				CLANG_CXX_LANGUAGE_STANDARD = "gnu++14";
				CLANG_CXX_LIBRARY = "libc++";
				CLANG_ENABLE_MODULES = YES;
				CLANG_ENABLE_OBJC_ARC = YES;
				CLANG_ENABLE_OBJC_WEAK = YES;
				CLANG_WARN_BLOCK_CAPTURE_AUTORELEASING = YES;
				CLANG_WARN_BOOL_CONVERSION = YES;
				CLANG_WARN_COMMA = YES;
				CLANG_WARN_CONSTANT_CONVERSION = YES;
				CLANG_WARN_DEPRECATED_OBJC_IMPLEMENTATIONS = YES;
				CLANG_WARN_DIRECT_OBJC_ISA_USAGE = YES_ERROR;
				CLANG_WARN_DOCUMENTATION_COMMENTS = YES;
				CLANG_WARN_EMPTY_BODY = YES;
				CLANG_WARN_ENUM_CONVERSION = YES;
				CLANG_WARN_INFINITE_RECURSION = YES;
				CLANG_WARN_INT_CONVERSION = YES;
				CLANG_WARN_NON_LITERAL_NULL_CONVERSION = YES;
				CLANG_WARN_OBJC_IMPLICIT_RETAIN_SELF = YES;
				CLANG_WARN_OBJC_LITERAL_CONVERSION = YES;
				CLANG_WARN_OBJC_ROOT_CLASS = YES_ERROR;
				CLANG_WARN_RANGE_LOOP_ANALYSIS = YES;
				CLANG_WARN_STRICT_PROTOTYPES = YES;
				CLANG_WARN_SUSPICIOUS_MOVE = YES;
				CLANG_WARN_UNGUARDED_AVAILABILITY = YES_AGGRESSIVE;
				CLANG_WARN_UNREACHABLE_CODE = YES;
				CLANG_WARN__DUPLICATE_METHOD_MATCH = YES;
				COPY_PHASE_STRIP = NO;
				CURRENT_PROJECT_VERSION = 1;
				DEBUG_INFORMATION_FORMAT = "dwarf-with-dsym";
				ENABLE_NS_ASSERTIONS = NO;
				ENABLE_STRICT_OBJC_MSGSEND = YES;
				GCC_C_LANGUAGE_STANDARD = gnu11;
				GCC_NO_COMMON_BLOCKS = YES;
				GCC_WARN_64_TO_32_BIT_CONVERSION = YES;
				GCC_WARN_ABOUT_RETURN_TYPE = YES_ERROR;
				GCC_WARN_UNDECLARED_SELECTOR = YES;
				GCC_WARN_UNINITIALIZED_AUTOS = YES_AGGRESSIVE;
				GCC_WARN_UNUSED_FUNCTION = YES;
				GCC_WARN_UNUSED_VARIABLE = YES;
				IPHONEOS_DEPLOYMENT_TARGET = 10.0;
				MTL_ENABLE_DEBUG_INFO = NO;
				MTL_FAST_MATH = YES;
				SDKROOT = iphoneos;
				SWIFT_COMPILATION_MODE = wholemodule;
				SWIFT_OPTIMIZATION_LEVEL = "-O";
				VALIDATE_PRODUCT = YES;
				VERSIONING_SYSTEM = "apple-generic";
				VERSION_INFO_PREFIX = "";
			};
			name = Release;
		};
		2CBD50FB248E2A0D001818CB /* Debug */ = {
			isa = XCBuildConfiguration;
			buildSettings = {
				CODE_SIGN_STYLE = Automatic;
				DEFINES_MODULE = YES;
				DEVELOPMENT_TEAM = CJZWD577A7;
				DYLIB_COMPATIBILITY_VERSION = 1;
				DYLIB_CURRENT_VERSION = 1;
				DYLIB_INSTALL_NAME_BASE = "@rpath";
				INFOPLIST_FILE = "MoyaAPIBase/Supporting Files/Info.plist";
				INSTALL_PATH = "$(LOCAL_LIBRARY_DIR)/Frameworks";
				IPHONEOS_DEPLOYMENT_TARGET = 10.0;
				LD_RUNPATH_SEARCH_PATHS = (
					"$(inherited)",
					"@executable_path/Frameworks",
					"@loader_path/Frameworks",
				);
				PRODUCT_BUNDLE_IDENTIFIER = chenshu.MoyaAPIBase;
				PRODUCT_NAME = "$(TARGET_NAME:c99extidentifier)";
				SKIP_INSTALL = YES;
				SUPPORTS_MACCATALYST = NO;
				SWIFT_VERSION = 5.0;
				TARGETED_DEVICE_FAMILY = 1;
			};
			name = Debug;
		};
		2CBD50FC248E2A0D001818CB /* Release */ = {
			isa = XCBuildConfiguration;
			buildSettings = {
				CODE_SIGN_STYLE = Automatic;
				DEFINES_MODULE = YES;
				DEVELOPMENT_TEAM = CJZWD577A7;
				DYLIB_COMPATIBILITY_VERSION = 1;
				DYLIB_CURRENT_VERSION = 1;
				DYLIB_INSTALL_NAME_BASE = "@rpath";
				INFOPLIST_FILE = "MoyaAPIBase/Supporting Files/Info.plist";
				INSTALL_PATH = "$(LOCAL_LIBRARY_DIR)/Frameworks";
				IPHONEOS_DEPLOYMENT_TARGET = 10.0;
				LD_RUNPATH_SEARCH_PATHS = (
					"$(inherited)",
					"@executable_path/Frameworks",
					"@loader_path/Frameworks",
				);
				PRODUCT_BUNDLE_IDENTIFIER = chenshu.MoyaAPIBase;
				PRODUCT_NAME = "$(TARGET_NAME:c99extidentifier)";
				SKIP_INSTALL = YES;
				SUPPORTS_MACCATALYST = NO;
				SWIFT_VERSION = 5.0;
				TARGETED_DEVICE_FAMILY = 1;
			};
			name = Release;
		};
		2CBD512C248E4CAA001818CB /* Debug */ = {
			isa = XCBuildConfiguration;
			buildSettings = {
				ASSETCATALOG_COMPILER_APPICON_NAME = AppIcon;
				CODE_SIGN_STYLE = Automatic;
				DEVELOPMENT_TEAM = 72ZBLW4BL8;
				INFOPLIST_FILE = "APIBaseDemo/Supporting Files/Info.plist";
				IPHONEOS_DEPLOYMENT_TARGET = 10.0;
				LD_RUNPATH_SEARCH_PATHS = (
					"$(inherited)",
					"@executable_path/Frameworks",
				);
				PRODUCT_BUNDLE_IDENTIFIER = chenshu.APIBaseDemo;
				PRODUCT_NAME = "$(TARGET_NAME)";
				SWIFT_VERSION = 5.0;
				TARGETED_DEVICE_FAMILY = "1,2";
			};
			name = Debug;
		};
		2CBD512D248E4CAA001818CB /* Release */ = {
			isa = XCBuildConfiguration;
			buildSettings = {
				ASSETCATALOG_COMPILER_APPICON_NAME = AppIcon;
				CODE_SIGN_STYLE = Automatic;
				DEVELOPMENT_TEAM = 72ZBLW4BL8;
				INFOPLIST_FILE = "APIBaseDemo/Supporting Files/Info.plist";
				IPHONEOS_DEPLOYMENT_TARGET = 10.0;
				LD_RUNPATH_SEARCH_PATHS = (
					"$(inherited)",
					"@executable_path/Frameworks",
				);
				PRODUCT_BUNDLE_IDENTIFIER = chenshu.APIBaseDemo;
				PRODUCT_NAME = "$(TARGET_NAME)";
				SWIFT_VERSION = 5.0;
				TARGETED_DEVICE_FAMILY = "1,2";
			};
			name = Release;
		};
		2CEBFF72248DE0D8004DB1CD /* Debug */ = {
			isa = XCBuildConfiguration;
			buildSettings = {
				CODE_SIGN_STYLE = Automatic;
				DEFINES_MODULE = YES;
				DEVELOPMENT_TEAM = 72ZBLW4BL8;
				DYLIB_COMPATIBILITY_VERSION = 1;
				DYLIB_CURRENT_VERSION = 1;
				DYLIB_INSTALL_NAME_BASE = "@rpath";
				INFOPLIST_FILE = "DefaultAPIBase/Supporting Files/Info.plist";
				INSTALL_PATH = "$(LOCAL_LIBRARY_DIR)/Frameworks";
				IPHONEOS_DEPLOYMENT_TARGET = 10.0;
				LD_RUNPATH_SEARCH_PATHS = (
					"$(inherited)",
					"@executable_path/Frameworks",
					"@loader_path/Frameworks",
				);
				PRODUCT_BUNDLE_IDENTIFIER = chenshu.DefaultAPIBase;
				PRODUCT_NAME = "$(TARGET_NAME:c99extidentifier)";
				SKIP_INSTALL = YES;
				SUPPORTS_MACCATALYST = NO;
				SWIFT_VERSION = 5.0;
				TARGETED_DEVICE_FAMILY = 1;
			};
			name = Debug;
		};
		2CEBFF73248DE0D8004DB1CD /* Release */ = {
			isa = XCBuildConfiguration;
			buildSettings = {
				CODE_SIGN_STYLE = Automatic;
				DEFINES_MODULE = YES;
				DEVELOPMENT_TEAM = 72ZBLW4BL8;
				DYLIB_COMPATIBILITY_VERSION = 1;
				DYLIB_CURRENT_VERSION = 1;
				DYLIB_INSTALL_NAME_BASE = "@rpath";
				INFOPLIST_FILE = "DefaultAPIBase/Supporting Files/Info.plist";
				INSTALL_PATH = "$(LOCAL_LIBRARY_DIR)/Frameworks";
				IPHONEOS_DEPLOYMENT_TARGET = 10.0;
				LD_RUNPATH_SEARCH_PATHS = (
					"$(inherited)",
					"@executable_path/Frameworks",
					"@loader_path/Frameworks",
				);
				PRODUCT_BUNDLE_IDENTIFIER = chenshu.DefaultAPIBase;
				PRODUCT_NAME = "$(TARGET_NAME:c99extidentifier)";
				SKIP_INSTALL = YES;
				SUPPORTS_MACCATALYST = NO;
				SWIFT_VERSION = 5.0;
				TARGETED_DEVICE_FAMILY = 1;
			};
			name = Release;
		};
/* End XCBuildConfiguration section */

/* Begin XCConfigurationList section */
		2C7FA36C23B8CEBC004EF2E0 /* Build configuration list for PBXProject "Moya-APIBase" */ = {
			isa = XCConfigurationList;
			buildConfigurations = (
				2C7FA37823B8CEBC004EF2E0 /* Debug */,
				2C7FA37923B8CEBC004EF2E0 /* Release */,
			);
			defaultConfigurationIsVisible = 0;
			defaultConfigurationName = Release;
		};
		2CBD50FD248E2A0D001818CB /* Build configuration list for PBXNativeTarget "MoyaAPIBase" */ = {
			isa = XCConfigurationList;
			buildConfigurations = (
				2CBD50FB248E2A0D001818CB /* Debug */,
				2CBD50FC248E2A0D001818CB /* Release */,
			);
			defaultConfigurationIsVisible = 0;
			defaultConfigurationName = Release;
		};
		2CBD512B248E4CAA001818CB /* Build configuration list for PBXNativeTarget "APIBaseDemo" */ = {
			isa = XCConfigurationList;
			buildConfigurations = (
				2CBD512C248E4CAA001818CB /* Debug */,
				2CBD512D248E4CAA001818CB /* Release */,
			);
			defaultConfigurationIsVisible = 0;
			defaultConfigurationName = Release;
		};
		2CEBFF74248DE0D8004DB1CD /* Build configuration list for PBXNativeTarget "DefaultAPIBase" */ = {
			isa = XCConfigurationList;
			buildConfigurations = (
				2CEBFF72248DE0D8004DB1CD /* Debug */,
				2CEBFF73248DE0D8004DB1CD /* Release */,
			);
			defaultConfigurationIsVisible = 0;
			defaultConfigurationName = Release;
		};
/* End XCConfigurationList section */

/* Begin XCRemoteSwiftPackageReference section */
		2C7FA38123BCF3FF004EF2E0 /* XCRemoteSwiftPackageReference "Moya" */ = {
			isa = XCRemoteSwiftPackageReference;
			repositoryURL = "https://github.com/Moya/Moya";
			requirement = {
				kind = exactVersion;
				version = 14.0.0;
			};
		};
/* End XCRemoteSwiftPackageReference section */

/* Begin XCSwiftPackageProductDependency section */
		2CBD5111248E2D01001818CB /* Moya */ = {
			isa = XCSwiftPackageProductDependency;
			package = 2C7FA38123BCF3FF004EF2E0 /* XCRemoteSwiftPackageReference "Moya" */;
			productName = Moya;
		};
/* End XCSwiftPackageProductDependency section */
	};
	rootObject = 2C7FA36923B8CEBC004EF2E0 /* Project object */;
}
